
Microsoft Visual Studio Solution File, Format Version 12.00
# Visual Studio Version 16
VisualStudioVersion = 16.0.30717.126
MinimumVisualStudioVersion = 10.0.40219.1
Project("{FAE04EC0-301F-11D3-BF4B-00C04F79EFBC}") = "Practica Chart", "Practica Chart.csproj", "{2BC2504D-8FA3-4635-AC72-E2668AD02F5D}"
EndProject
Global
	GlobalSection(SolutionConfigurationPlatforms) = preSolution
		Debug|Any CPU = Debug|Any CPU
		Release|Any CPU = Release|Any CPU
	EndGlobalSection
	GlobalSection(ProjectConfigurationPlatforms) = postSolution
		{2BC2504D-8FA3-4635-AC72-E2668AD02F5D}.Debug|Any CPU.ActiveCfg = Debug|Any CPU
		{2BC2504D-8FA3-4635-AC72-E2668AD02F5D}.Debug|Any CPU.Build.0 = Debug|Any CPU
		{2BC2504D-8FA3-4635-AC72-E2668AD02F5D}.Release|Any CPU.ActiveCfg = Release|Any CPU
		{2BC2504D-8FA3-4635-AC72-E2668AD02F5D}.Release|Any CPU.Build.0 = Release|Any CPU
	EndGlobalSection
	GlobalSection(SolutionProperties) = preSolution
		HideSolutionNode = FALSE
	EndGlobalSection
	GlobalSection(ExtensibilityGlobals) = postSolution
		SolutionGuid = {341783DB-D22F-43E5-BC6E-66AD075AD720}
	EndGlobalSection
EndGlobal
